{
  "name": "dokku-toolbelt",
  "version": "1.1.3",
  "lockfileVersion": 1,
  "requires": true,
  "dependencies": {
    "dokku-app-ssh": {
      "version": "1.0.1",
      "resolved": "https://registry.npmjs.org/dokku-app-ssh/-/dokku-app-ssh-1.0.1.tgz",
      "integrity": "sha1-fFqN0BFqcDkFfUY1hiuxu7tBspU="
    },
    "git-remotes": {
      "version": "1.0.2",
      "resolved": "https://registry.npmjs.org/git-remotes/-/git-remotes-1.0.2.tgz",
      "integrity": "sha1-vAeSAv0bY6pAnr8G9aT1YQ3muvI="
    },
    "highland": {
      "version": "2.11.1",
      "resolved": "https://registry.npmjs.org/highland/-/highland-2.11.1.tgz",
      "integrity": "sha1-ObTZKZtuB9o9FeeveypvEnUirK8=",
      "requires": {
        "util-deprecate": "1.0.2"
      }
    },
    "minimist": {
      "version": "1.2.0",
      "resolved": "https://registry.npmjs.org/minimist/-/minimist-1.2.0.tgz",
      "integrity": "sha1-o1AIsg9BOD7sH7kU9M1d95omQoQ="
    },
    "util-deprecate": {
      "version": "1.0.2",
      "resolved": "https://registry.npmjs.org/util-deprecate/-/util-deprecate-1.0.2.tgz",
      "integrity": "sha1-RQ1Nyfpw3nMnYvvS1KKJgUGaDM8="
    }
  }
}
